
Microsoft Visual Studio Solution File, Format Version 12.00
# Visual Studio Version 16
VisualStudioVersion = 16.0.810.0
MinimumVisualStudioVersion = 10.0.40219.1
Project("{FAE04EC0-301F-11D3-BF4B-00C04F79EFBC}") = "OperatorExercise", "OperatorExercise\OperatorExercise.csproj", "{6A35B6FF-E9FB-454D-AC74-DC87A2AD2722}"
EndProject
Global
	GlobalSection(SolutionConfigurationPlatforms) = preSolution
		Debug|Any CPU = Debug|Any CPU
		Release|Any CPU = Release|Any CPU
	EndGlobalSection
	GlobalSection(ProjectConfigurationPlatforms) = postSolution
		{6A35B6FF-E9FB-454D-AC74-DC87A2AD2722}.Debug|Any CPU.ActiveCfg = Debug|Any CPU
		{6A35B6FF-E9FB-454D-AC74-DC87A2AD2722}.Debug|Any CPU.Build.0 = Debug|Any CPU
		{6A35B6FF-E9FB-454D-AC74-DC87A2AD2722}.Release|Any CPU.ActiveCfg = Release|Any CPU
		{6A35B6FF-E9FB-454D-AC74-DC87A2AD2722}.Release|Any CPU.Build.0 = Release|Any CPU
	EndGlobalSection
	GlobalSection(SolutionProperties) = preSolution
		HideSolutionNode = FALSE
	EndGlobalSection
	GlobalSection(ExtensibilityGlobals) = postSolution
		SolutionGuid = {E52BB435-B13E-4C92-A3E2-BDAD2499CCF9}
	EndGlobalSection
EndGlobal
